
Microsoft Visual Studio Solution File, Format Version 12.00
# Visual Studio Version 16
VisualStudioVersion = 16.0.30523.141
MinimumVisualStudioVersion = 10.0.40219.1
Project("{9A19103F-16F7-4668-BE54-9A1E7A4F7556}") = "Dotz.UI", "Dotz.UI\Dotz.UI.csproj", "{05E137EA-FD2C-4CE6-912D-228426D6E6DC}"
EndProject
Project("{2150E333-8FDC-42A3-9474-1A3956D46DE8}") = "1.0 - Presentation", "1.0 - Presentation", "{63CFB2ED-9ABF-462F-B831-A909ED430EB0}"
EndProject
Project("{2150E333-8FDC-42A3-9474-1A3956D46DE8}") = "2. 0 - Application", "2. 0 - Application", "{0DBE0DA1-CC25-45CD-8DAD-FBB7995E3114}"
EndProject
Project("{2150E333-8FDC-42A3-9474-1A3956D46DE8}") = "3.0 - Domain", "3.0 - Domain", "{92E5A46F-A11F-4D33-9DBA-E54915045E72}"
EndProject
Project("{2150E333-8FDC-42A3-9474-1A3956D46DE8}") = "4.0 - Infrastructure", "4.0 - Infrastructure", "{C169358F-D7EB-452B-9886-52C4C36B5DAB}"
EndProject
Project("{FAE04EC0-301F-11D3-BF4B-00C04F79EFBC}") = "Dotz.Domain", "..\Dotz.Domain\Dotz.Domain.csproj", "{C18F3C9C-B7DF-4ED0-A6E0-E65FC2B46094}"
EndProject
Project("{FAE04EC0-301F-11D3-BF4B-00C04F79EFBC}") = "Dotz.Infra.Data", "..\Dotz.Infra.Data\Dotz.Infra.Data.csproj", "{D209D0B8-760F-4EA6-9270-6216AD6548C0}"
EndProject
Project("{FAE04EC0-301F-11D3-BF4B-00C04F79EFBC}") = "Dotz.Infra.IoC", "..\Dotz.Infra.IoC\Dotz.Infra.IoC.csproj", "{92C28FE1-C370-428B-AFEC-639F4395032F}"
EndProject
Project("{FAE04EC0-301F-11D3-BF4B-00C04F79EFBC}") = "Dotz.Application", "..\Dotz.Application\Dotz.Application.csproj", "{363F75CD-6D5A-4C82-81D7-AF427EA2CA5E}"
EndProject
Project("{2150E333-8FDC-42A3-9474-1A3956D46DE8}") = "5.0 - Tests", "5.0 - Tests", "{A26653B7-DB3B-458C-ACE6-A2C1E0ADF70A}"
EndProject
Project("{FAE04EC0-301F-11D3-BF4B-00C04F79EFBC}") = "Dotz.Produto.Application.Tests", "..\Dotz.Produto.Application.Tests\Dotz.Produto.Application.Tests.csproj", "{BA36AC39-25A4-4CA2-8889-7514C6F1BC31}"
EndProject
Project("{2150E333-8FDC-42A3-9474-1A3956D46DE8}") = "Produto", "Produto", "{3A88A4A2-1261-4211-BE93-80737A27941D}"
EndProject
Project("{2150E333-8FDC-42A3-9474-1A3956D46DE8}") = "Pedido", "Pedido", "{66583C1C-D4EF-42F9-BC79-83AE770C0F2F}"
EndProject
Project("{FAE04EC0-301F-11D3-BF4B-00C04F79EFBC}") = "Dotz.Pedido.Application.Tests", "Dotz.Pedido.Application.Tests\Dotz.Pedido.Application.Tests.csproj", "{8D786A3B-9592-4008-B112-C540E72F9952}"
EndProject
Project("{FAE04EC0-301F-11D3-BF4B-00C04F79EFBC}") = "Dotz.Pedido.Domain", "Dotz.Pedido.Domain.Tests\Dotz.Pedido.Domain.csproj", "{5F387C02-2319-4625-A8E9-E81CC66162B8}"
EndProject
Project("{FAE04EC0-301F-11D3-BF4B-00C04F79EFBC}") = "Dotz.Produto.Domain.Tests", "Dotz.Produto.Domain.Tests\Dotz.Produto.Domain.Tests.csproj", "{B46C5D49-B9F0-48BC-BFD5-D50C0FBA1C80}"
EndProject
Project("{FAE04EC0-301F-11D3-BF4B-00C04F79EFBC}") = "Dotz.Produto.Domain", "Dotz.Produto.Domain\Dotz.Produto.Domain.csproj", "{4401350B-8C73-4D8A-8678-0E9F55392492}"
EndProject
Global
	GlobalSection(SolutionConfigurationPlatforms) = preSolution
		Debug|Any CPU = Debug|Any CPU
		Release|Any CPU = Release|Any CPU
	EndGlobalSection
	GlobalSection(ProjectConfigurationPlatforms) = postSolution
		{05E137EA-FD2C-4CE6-912D-228426D6E6DC}.Debug|Any CPU.ActiveCfg = Debug|Any CPU
		{05E137EA-FD2C-4CE6-912D-228426D6E6DC}.Debug|Any CPU.Build.0 = Debug|Any CPU
		{05E137EA-FD2C-4CE6-912D-228426D6E6DC}.Release|Any CPU.ActiveCfg = Release|Any CPU
		{05E137EA-FD2C-4CE6-912D-228426D6E6DC}.Release|Any CPU.Build.0 = Release|Any CPU
		{C18F3C9C-B7DF-4ED0-A6E0-E65FC2B46094}.Debug|Any CPU.ActiveCfg = Debug|Any CPU
		{C18F3C9C-B7DF-4ED0-A6E0-E65FC2B46094}.Debug|Any CPU.Build.0 = Debug|Any CPU
		{C18F3C9C-B7DF-4ED0-A6E0-E65FC2B46094}.Release|Any CPU.ActiveCfg = Release|Any CPU
		{C18F3C9C-B7DF-4ED0-A6E0-E65FC2B46094}.Release|Any CPU.Build.0 = Release|Any CPU
		{D209D0B8-760F-4EA6-9270-6216AD6548C0}.Debug|Any CPU.ActiveCfg = Debug|Any CPU
		{D209D0B8-760F-4EA6-9270-6216AD6548C0}.Debug|Any CPU.Build.0 = Debug|Any CPU
		{D209D0B8-760F-4EA6-9270-6216AD6548C0}.Release|Any CPU.ActiveCfg = Release|Any CPU
		{D209D0B8-760F-4EA6-9270-6216AD6548C0}.Release|Any CPU.Build.0 = Release|Any CPU
		{92C28FE1-C370-428B-AFEC-639F4395032F}.Debug|Any CPU.ActiveCfg = Debug|Any CPU
		{92C28FE1-C370-428B-AFEC-639F4395032F}.Debug|Any CPU.Build.0 = Debug|Any CPU
		{92C28FE1-C370-428B-AFEC-639F4395032F}.Release|Any CPU.ActiveCfg = Release|Any CPU
		{92C28FE1-C370-428B-AFEC-639F4395032F}.Release|Any CPU.Build.0 = Release|Any CPU
		{363F75CD-6D5A-4C82-81D7-AF427EA2CA5E}.Debug|Any CPU.ActiveCfg = Debug|Any CPU
		{363F75CD-6D5A-4C82-81D7-AF427EA2CA5E}.Debug|Any CPU.Build.0 = Debug|Any CPU
		{363F75CD-6D5A-4C82-81D7-AF427EA2CA5E}.Release|Any CPU.ActiveCfg = Release|Any CPU
		{363F75CD-6D5A-4C82-81D7-AF427EA2CA5E}.Release|Any CPU.Build.0 = Release|Any CPU
		{BA36AC39-25A4-4CA2-8889-7514C6F1BC31}.Debug|Any CPU.ActiveCfg = Debug|Any CPU
		{BA36AC39-25A4-4CA2-8889-7514C6F1BC31}.Debug|Any CPU.Build.0 = Debug|Any CPU
		{BA36AC39-25A4-4CA2-8889-7514C6F1BC31}.Release|Any CPU.ActiveCfg = Release|Any CPU
		{BA36AC39-25A4-4CA2-8889-7514C6F1BC31}.Release|Any CPU.Build.0 = Release|Any CPU
		{8D786A3B-9592-4008-B112-C540E72F9952}.Debug|Any CPU.ActiveCfg = Debug|Any CPU
		{8D786A3B-9592-4008-B112-C540E72F9952}.Debug|Any CPU.Build.0 = Debug|Any CPU
		{8D786A3B-9592-4008-B112-C540E72F9952}.Release|Any CPU.ActiveCfg = Release|Any CPU
		{8D786A3B-9592-4008-B112-C540E72F9952}.Release|Any CPU.Build.0 = Release|Any CPU
		{5F387C02-2319-4625-A8E9-E81CC66162B8}.Debug|Any CPU.ActiveCfg = Debug|Any CPU
		{5F387C02-2319-4625-A8E9-E81CC66162B8}.Debug|Any CPU.Build.0 = Debug|Any CPU
		{5F387C02-2319-4625-A8E9-E81CC66162B8}.Release|Any CPU.ActiveCfg = Release|Any CPU
		{5F387C02-2319-4625-A8E9-E81CC66162B8}.Release|Any CPU.Build.0 = Release|Any CPU
		{B46C5D49-B9F0-48BC-BFD5-D50C0FBA1C80}.Debug|Any CPU.ActiveCfg = Debug|Any CPU
		{B46C5D49-B9F0-48BC-BFD5-D50C0FBA1C80}.Debug|Any CPU.Build.0 = Debug|Any CPU
		{B46C5D49-B9F0-48BC-BFD5-D50C0FBA1C80}.Release|Any CPU.ActiveCfg = Release|Any CPU
		{B46C5D49-B9F0-48BC-BFD5-D50C0FBA1C80}.Release|Any CPU.Build.0 = Release|Any CPU
		{4401350B-8C73-4D8A-8678-0E9F55392492}.Debug|Any CPU.ActiveCfg = Debug|Any CPU
		{4401350B-8C73-4D8A-8678-0E9F55392492}.Debug|Any CPU.Build.0 = Debug|Any CPU
		{4401350B-8C73-4D8A-8678-0E9F55392492}.Release|Any CPU.ActiveCfg = Release|Any CPU
		{4401350B-8C73-4D8A-8678-0E9F55392492}.Release|Any CPU.Build.0 = Release|Any CPU
	EndGlobalSection
	GlobalSection(SolutionProperties) = preSolution
		HideSolutionNode = FALSE
	EndGlobalSection
	GlobalSection(NestedProjects) = preSolution
		{05E137EA-FD2C-4CE6-912D-228426D6E6DC} = {63CFB2ED-9ABF-462F-B831-A909ED430EB0}
		{C18F3C9C-B7DF-4ED0-A6E0-E65FC2B46094} = {92E5A46F-A11F-4D33-9DBA-E54915045E72}
		{D209D0B8-760F-4EA6-9270-6216AD6548C0} = {C169358F-D7EB-452B-9886-52C4C36B5DAB}
		{92C28FE1-C370-428B-AFEC-639F4395032F} = {C169358F-D7EB-452B-9886-52C4C36B5DAB}
		{363F75CD-6D5A-4C82-81D7-AF427EA2CA5E} = {0DBE0DA1-CC25-45CD-8DAD-FBB7995E3114}
		{BA36AC39-25A4-4CA2-8889-7514C6F1BC31} = {3A88A4A2-1261-4211-BE93-80737A27941D}
		{3A88A4A2-1261-4211-BE93-80737A27941D} = {A26653B7-DB3B-458C-ACE6-A2C1E0ADF70A}
		{66583C1C-D4EF-42F9-BC79-83AE770C0F2F} = {A26653B7-DB3B-458C-ACE6-A2C1E0ADF70A}
		{8D786A3B-9592-4008-B112-C540E72F9952} = {66583C1C-D4EF-42F9-BC79-83AE770C0F2F}
		{5F387C02-2319-4625-A8E9-E81CC66162B8} = {66583C1C-D4EF-42F9-BC79-83AE770C0F2F}
		{B46C5D49-B9F0-48BC-BFD5-D50C0FBA1C80} = {3A88A4A2-1261-4211-BE93-80737A27941D}
		{4401350B-8C73-4D8A-8678-0E9F55392492} = {3A88A4A2-1261-4211-BE93-80737A27941D}
	EndGlobalSection
	GlobalSection(ExtensibilityGlobals) = postSolution
		SolutionGuid = {8F134B68-5DD0-4047-92FE-63B1D725F82C}
	EndGlobalSection
EndGlobal
